
Microsoft Visual Studio Solution File, Format Version 12.00
# Visual Studio 15
VisualStudioVersion = 15.0.27130.2036
MinimumVisualStudioVersion = 10.0.40219.1
Project("{FAE04EC0-301F-11D3-BF4B-00C04F79EFBC}") = "FormsEx", "FormsEx\FormsEx.csproj", "{DA87FA82-029D-4106-B49D-AECC92DBEED0}"
EndProject
Global
	GlobalSection(SolutionConfigurationPlatforms) = preSolution
		Debug|Any CPU = Debug|Any CPU
		Release|Any CPU = Release|Any CPU
	EndGlobalSection
	GlobalSection(ProjectConfigurationPlatforms) = postSolution
		{DA87FA82-029D-4106-B49D-AECC92DBEED0}.Debug|Any CPU.ActiveCfg = Debug|Any CPU
		{DA87FA82-029D-4106-B49D-AECC92DBEED0}.Debug|Any CPU.Build.0 = Debug|Any CPU
		{DA87FA82-029D-4106-B49D-AECC92DBEED0}.Release|Any CPU.ActiveCfg = Release|Any CPU
		{DA87FA82-029D-4106-B49D-AECC92DBEED0}.Release|Any CPU.Build.0 = Release|Any CPU
	EndGlobalSection
	GlobalSection(SolutionProperties) = preSolution
		HideSolutionNode = FALSE
	EndGlobalSection
	GlobalSection(ExtensibilityGlobals) = postSolution
		SolutionGuid = {B7524611-30D9-4474-88BB-BC9255913AA4}
	EndGlobalSection
EndGlobal
